{
  "object": {
    "pins": [
      {
        "package": "Commandant",
        "repositoryURL": "https://github.com/Carthage/Commandant",
        "state": {
          "branch": null,
          "revision": "066bf9a79c37cf24fe4746ab7a1793b0359d1fe5",
          "version": "0.14.0"
        }
      },
      {
        "package": "Nimble",
        "repositoryURL": "https://github.com/Quick/Nimble.git",
        "state": {
          "branch": null,
          "revision": "8023e3980d91b470ad073d6da843b73f2eeb1844",
          "version": "7.1.2"
        }
      },
      {
        "package": "Quick",
        "repositoryURL": "https://github.com/Quick/Quick.git",
        "state": {
          "branch": null,
          "revision": "3e3023569c8d4c4a0d000f58db765df53041117f",
          "version": "1.3.0"
        }
      },
      {
        "package": "Result",
        "repositoryURL": "https://github.com/antitypical/Result.git",
        "state": {
          "branch": null,
          "revision": "7477584259bfce2560a19e06ad9f71db441fff11",
          "version": "3.2.4"
        }
      },
      {
        "package": "SKQueue",
        "repositoryURL": "https://github.com/daniel-pedersen/SKQueue.git",
        "state": {
          "branch": null,
          "revision": "b6dcd7532f90b0c3abbe624d271f64ac7f393ddf",
          "version": "1.1.0"
        }
      },
      {
        "package": "SwiftCompilationDatabase",
        "repositoryURL": "https://github.com/jerrymarino/SwiftCompilationDatabase.git",
        "state": {
          "branch": "master",
          "revision": "810f040e97ebe97210d64a644d8d386e35a6358d",
          "version": null
        }
      },
      {
        "package": "SwiftServerHttp",
        "repositoryURL": "https://github.com/swift-vim/http",
        "state": {
          "branch": null,
          "revision": "671be3123752a8eebd18dccb9321e1dfcae8f9c0",
          "version": null
        }
      },
      {
        "package": "Vim",
        "repositoryURL": "https://github.com/swift-vim/SwiftForVim.git",
        "state": {
          "branch": null,
          "revision": "15f248e31501378bf5a56a23851cd670b860d646",
          "version": null
        }
      }
    ]
  },
  "version": 1
}
